// !$*UTF8*$!
{
	archiveVersion = 1;
	classes = {
	};
	objectVersion = 50;
	objects = {

/* Begin PBXBuildFile section */
		AC1A7E2422B5C13D003F4BCA /* AppDelegate.swift in Sources */ = {isa = PBXBuildFile; fileRef = AC1A7E2322B5C13D003F4BCA /* AppDelegate.swift */; };
		AC1A7E2922B5C13D003F4BCA /* Main.storyboard in Resources */ = {isa = PBXBuildFile; fileRef = AC1A7E2722B5C13D003F4BCA /* Main.storyboard */; };
		AC1A7E2B22B5C13E003F4BCA /* Assets.xcassets in Resources */ = {isa = PBXBuildFile; fileRef = AC1A7E2A22B5C13E003F4BCA /* Assets.xcassets */; };
		AC1A7E2E22B5C13E003F4BCA /* LaunchScreen.storyboard in Resources */ = {isa = PBXBuildFile; fileRef = AC1A7E2C22B5C13E003F4BCA /* LaunchScreen.storyboard */; };
		AC1A7E4522B5C21C003F4BCA /* LocationMapSelectViewController.swift in Sources */ = {isa = PBXBuildFile; fileRef = AC1A7E4422B5C21C003F4BCA /* LocationMapSelectViewController.swift */; };
		AC3616C322B74E61005FF4C9 /* NetworkSession.swift in Sources */ = {isa = PBXBuildFile; fileRef = AC3616C222B74E61005FF4C9 /* NetworkSession.swift */; };
		AC3616C522B74FF0005FF4C9 /* NetworkSessionMocks.swift in Sources */ = {isa = PBXBuildFile; fileRef = AC3616C422B74FF0005FF4C9 /* NetworkSessionMocks.swift */; };
		AC3616C722B75440005FF4C9 /* DDLiteTestNetworkCalls.swift in Sources */ = {isa = PBXBuildFile; fileRef = AC3616C622B75440005FF4C9 /* DDLiteTestNetworkCalls.swift */; };
		AC3616C922B8092E005FF4C9 /* LocationMapSelectViewControllerTests.swift in Sources */ = {isa = PBXBuildFile; fileRef = AC3616C822B8092E005FF4C9 /* LocationMapSelectViewControllerTests.swift */; };
		AC3616CB22B81BD3005FF4C9 /* StoresListViewControllerTests.swift in Sources */ = {isa = PBXBuildFile; fileRef = AC3616CA22B81BD3005FF4C9 /* StoresListViewControllerTests.swift */; };
		AC3616EA22B83776005FF4C9 /* Bundle+DDURL.swift in Sources */ = {isa = PBXBuildFile; fileRef = AC3616E922B83775005FF4C9 /* Bundle+DDURL.swift */; };
		ACBDA89822B5E9BF006E3CFA /* StoresListViewController.swift in Sources */ = {isa = PBXBuildFile; fileRef = ACBDA89722B5E9BF006E3CFA /* StoresListViewController.swift */; };
		ACBDA89B22B5EA01006E3CFA /* StoresListViewModel.swift in Sources */ = {isa = PBXBuildFile; fileRef = ACBDA89A22B5EA01006E3CFA /* StoresListViewModel.swift */; };
		ACBDA89E22B5EA5E006E3CFA /* Store.swift in Sources */ = {isa = PBXBuildFile; fileRef = ACBDA89D22B5EA5E006E3CFA /* Store.swift */; };
		ACBDA8A422B5FFEE006E3CFA /* StoreService.swift in Sources */ = {isa = PBXBuildFile; fileRef = ACBDA8A322B5FFEE006E3CFA /* StoreService.swift */; };
		ACBDA8A622B60071006E3CFA /* Resource.swift in Sources */ = {isa = PBXBuildFile; fileRef = ACBDA8A522B60071006E3CFA /* Resource.swift */; };
		ACBDA8A822B606EE006E3CFA /* Networking.swift in Sources */ = {isa = PBXBuildFile; fileRef = ACBDA8A722B606EE006E3CFA /* Networking.swift */; };
		ACBDA8AB22B6082B006E3CFA /* NetworkService.swift in Sources */ = {isa = PBXBuildFile; fileRef = ACBDA8AA22B6082B006E3CFA /* NetworkService.swift */; };
		ACBDA8AD22B61CBF006E3CFA /* URLSession+Extension.swift in Sources */ = {isa = PBXBuildFile; fileRef = ACBDA8AC22B61CBF006E3CFA /* URLSession+Extension.swift */; };
		ACBDA8AF22B6228F006E3CFA /* ImageService.swift in Sources */ = {isa = PBXBuildFile; fileRef = ACBDA8AE22B6228F006E3CFA /* ImageService.swift */; };
		ACBDA8B122B622FD006E3CFA /* CacheService.swift in Sources */ = {isa = PBXBuildFile; fileRef = ACBDA8B022B622FD006E3CFA /* CacheService.swift */; };
		ACBDA8B422B6AF56006E3CFA /* StoresListCell.swift in Sources */ = {isa = PBXBuildFile; fileRef = ACBDA8B322B6AF56006E3CFA /* StoresListCell.swift */; };
		ACBDA8B622B6FC72006E3CFA /* DDTabBarController.swift in Sources */ = {isa = PBXBuildFile; fileRef = ACBDA8B522B6FC72006E3CFA /* DDTabBarController.swift */; };
		ACBDA8B822B6FD35006E3CFA /* FavoritesViewController.swift in Sources */ = {isa = PBXBuildFile; fileRef = ACBDA8B722B6FD35006E3CFA /* FavoritesViewController.swift */; };
/* End PBXBuildFile section */

/* Begin PBXContainerItemProxy section */
		AC1A7E3522B5C13E003F4BCA /* PBXContainerItemProxy */ = {
			isa = PBXContainerItemProxy;
			containerPortal = AC1A7E1822B5C13D003F4BCA /* Project object */;
			proxyType = 1;
			remoteGlobalIDString = AC1A7E1F22B5C13D003F4BCA;
			remoteInfo = DoorDashLite;
		};
/* End PBXContainerItemProxy section */

/* Begin PBXFileReference section */
		AC1A7E2022B5C13D003F4BCA /* DoorDashLite.app */ = {isa = PBXFileReference; explicitFileType = wrapper.application; includeInIndex = 0; path = DoorDashLite.app; sourceTree = BUILT_PRODUCTS_DIR; };
		AC1A7E2322B5C13D003F4BCA /* AppDelegate.swift */ = {isa = PBXFileReference; lastKnownFileType = sourcecode.swift; path = AppDelegate.swift; sourceTree = "<group>"; };
		AC1A7E2822B5C13D003F4BCA /* Base */ = {isa = PBXFileReference; lastKnownFileType = file.storyboard; name = Base; path = Base.lproj/Main.storyboard; sourceTree = "<group>"; };
		AC1A7E2A22B5C13E003F4BCA /* Assets.xcassets */ = {isa = PBXFileReference; lastKnownFileType = folder.assetcatalog; path = Assets.xcassets; sourceTree = "<group>"; };
		AC1A7E2D22B5C13E003F4BCA /* Base */ = {isa = PBXFileReference; lastKnownFileType = file.storyboard; name = Base; path = Base.lproj/LaunchScreen.storyboard; sourceTree = "<group>"; };
		AC1A7E2F22B5C13E003F4BCA /* Info.plist */ = {isa = PBXFileReference; lastKnownFileType = text.plist.xml; path = Info.plist; sourceTree = "<group>"; };
		AC1A7E3422B5C13E003F4BCA /* DoorDashLiteTests.xctest */ = {isa = PBXFileReference; explicitFileType = wrapper.cfbundle; includeInIndex = 0; path = DoorDashLiteTests.xctest; sourceTree = BUILT_PRODUCTS_DIR; };
		AC1A7E3A22B5C13E003F4BCA /* Info.plist */ = {isa = PBXFileReference; lastKnownFileType = text.plist.xml; path = Info.plist; sourceTree = "<group>"; };
		AC1A7E4422B5C21C003F4BCA /* LocationMapSelectViewController.swift */ = {isa = PBXFileReference; lastKnownFileType = sourcecode.swift; path = LocationMapSelectViewController.swift; sourceTree = "<group>"; };
		AC3616C222B74E61005FF4C9 /* NetworkSession.swift */ = {isa = PBXFileReference; lastKnownFileType = sourcecode.swift; path = NetworkSession.swift; sourceTree = "<group>"; };
		AC3616C422B74FF0005FF4C9 /* NetworkSessionMocks.swift */ = {isa = PBXFileReference; lastKnownFileType = sourcecode.swift; path = NetworkSessionMocks.swift; sourceTree = "<group>"; };
		AC3616C622B75440005FF4C9 /* DDLiteTestNetworkCalls.swift */ = {isa = PBXFileReference; lastKnownFileType = sourcecode.swift; path = DDLiteTestNetworkCalls.swift; sourceTree = "<group>"; };
		AC3616C822B8092E005FF4C9 /* LocationMapSelectViewControllerTests.swift */ = {isa = PBXFileReference; lastKnownFileType = sourcecode.swift; path = LocationMapSelectViewControllerTests.swift; sourceTree = "<group>"; };
		AC3616CA22B81BD3005FF4C9 /* StoresListViewControllerTests.swift */ = {isa = PBXFileReference; lastKnownFileType = sourcecode.swift; path = StoresListViewControllerTests.swift; sourceTree = "<group>"; };
		AC3616E922B83775005FF4C9 /* Bundle+DDURL.swift */ = {isa = PBXFileReference; lastKnownFileType = sourcecode.swift; path = "Bundle+DDURL.swift"; sourceTree = "<group>"; };
		ACBDA89722B5E9BF006E3CFA /* StoresListViewController.swift */ = {isa = PBXFileReference; lastKnownFileType = sourcecode.swift; path = StoresListViewController.swift; sourceTree = "<group>"; };
		ACBDA89A22B5EA01006E3CFA /* StoresListViewModel.swift */ = {isa = PBXFileReference; lastKnownFileType = sourcecode.swift; path = StoresListViewModel.swift; sourceTree = "<group>"; };
		ACBDA89D22B5EA5E006E3CFA /* Store.swift */ = {isa = PBXFileReference; lastKnownFileType = sourcecode.swift; path = Store.swift; sourceTree = "<group>"; };
		ACBDA8A322B5FFEE006E3CFA /* StoreService.swift */ = {isa = PBXFileReference; lastKnownFileType = sourcecode.swift; path = StoreService.swift; sourceTree = "<group>"; };
		ACBDA8A522B60071006E3CFA /* Resource.swift */ = {isa = PBXFileReference; lastKnownFileType = sourcecode.swift; path = Resource.swift; sourceTree = "<group>"; };
		ACBDA8A722B606EE006E3CFA /* Networking.swift */ = {isa = PBXFileReference; lastKnownFileType = sourcecode.swift; path = Networking.swift; sourceTree = "<group>"; };
		ACBDA8AA22B6082B006E3CFA /* NetworkService.swift */ = {isa = PBXFileReference; lastKnownFileType = sourcecode.swift; path = NetworkService.swift; sourceTree = "<group>"; };
		ACBDA8AC22B61CBF006E3CFA /* URLSession+Extension.swift */ = {isa = PBXFileReference; lastKnownFileType = sourcecode.swift; path = "URLSession+Extension.swift"; sourceTree = "<group>"; };
		ACBDA8AE22B6228F006E3CFA /* ImageService.swift */ = {isa = PBXFileReference; lastKnownFileType = sourcecode.swift; path = ImageService.swift; sourceTree = "<group>"; };
		ACBDA8B022B622FD006E3CFA /* CacheService.swift */ = {isa = PBXFileReference; lastKnownFileType = sourcecode.swift; path = CacheService.swift; sourceTree = "<group>"; };
		ACBDA8B322B6AF56006E3CFA /* StoresListCell.swift */ = {isa = PBXFileReference; lastKnownFileType = sourcecode.swift; path = StoresListCell.swift; sourceTree = "<group>"; };
		ACBDA8B522B6FC72006E3CFA /* DDTabBarController.swift */ = {isa = PBXFileReference; lastKnownFileType = sourcecode.swift; path = DDTabBarController.swift; sourceTree = "<group>"; };
		ACBDA8B722B6FD35006E3CFA /* FavoritesViewController.swift */ = {isa = PBXFileReference; lastKnownFileType = sourcecode.swift; path = FavoritesViewController.swift; sourceTree = "<group>"; };
/* End PBXFileReference section */

/* Begin PBXFrameworksBuildPhase section */
		AC1A7E1D22B5C13D003F4BCA /* Frameworks */ = {
			isa = PBXFrameworksBuildPhase;
			buildActionMask = 2147483647;
			files = (
			);
			runOnlyForDeploymentPostprocessing = 0;
		};
		AC1A7E3122B5C13E003F4BCA /* Frameworks */ = {
			isa = PBXFrameworksBuildPhase;
			buildActionMask = 2147483647;
			files = (
			);
			runOnlyForDeploymentPostprocessing = 0;
		};
/* End PBXFrameworksBuildPhase section */

/* Begin PBXGroup section */
		AC1A7E1722B5C13D003F4BCA = {
			isa = PBXGroup;
			children = (
				AC1A7E2222B5C13D003F4BCA /* DoorDashLite */,
				AC1A7E3722B5C13E003F4BCA /* DoorDashLiteTests */,
				AC1A7E2122B5C13D003F4BCA /* Products */,
			);
			sourceTree = "<group>";
		};
		AC1A7E2122B5C13D003F4BCA /* Products */ = {
			isa = PBXGroup;
			children = (
				AC1A7E2022B5C13D003F4BCA /* DoorDashLite.app */,
				AC1A7E3422B5C13E003F4BCA /* DoorDashLiteTests.xctest */,
			);
			name = Products;
			sourceTree = "<group>";
		};
		AC1A7E2222B5C13D003F4BCA /* DoorDashLite */ = {
			isa = PBXGroup;
			children = (
				ACBDA8B222B6AECB006E3CFA /* Custom Cell */,
				ACBDA8A022B5EB40006E3CFA /* Core */,
				ACBDA89F22B5EB0F006E3CFA /* Service */,
				ACBDA89C22B5EA54006E3CFA /* Model */,
				ACBDA89922B5E9E3006E3CFA /* View Model */,
				AC1A7E4322B5C1D3003F4BCA /* Controller */,
				AC1A7E2322B5C13D003F4BCA /* AppDelegate.swift */,
				AC1A7E2722B5C13D003F4BCA /* Main.storyboard */,
				AC1A7E2A22B5C13E003F4BCA /* Assets.xcassets */,
				AC1A7E2C22B5C13E003F4BCA /* LaunchScreen.storyboard */,
				AC1A7E2F22B5C13E003F4BCA /* Info.plist */,
			);
			path = DoorDashLite;
			sourceTree = "<group>";
		};
		AC1A7E3722B5C13E003F4BCA /* DoorDashLiteTests */ = {
			isa = PBXGroup;
			children = (
				AC1A7E3A22B5C13E003F4BCA /* Info.plist */,
				AC3616C422B74FF0005FF4C9 /* NetworkSessionMocks.swift */,
				AC3616C622B75440005FF4C9 /* DDLiteTestNetworkCalls.swift */,
				AC3616C822B8092E005FF4C9 /* LocationMapSelectViewControllerTests.swift */,
				AC3616CA22B81BD3005FF4C9 /* StoresListViewControllerTests.swift */,
			);
			path = DoorDashLiteTests;
			sourceTree = "<group>";
		};
		AC1A7E4322B5C1D3003F4BCA /* Controller */ = {
			isa = PBXGroup;
			children = (
				AC1A7E4422B5C21C003F4BCA /* LocationMapSelectViewController.swift */,
				ACBDA89722B5E9BF006E3CFA /* StoresListViewController.swift */,
				ACBDA8B522B6FC72006E3CFA /* DDTabBarController.swift */,
				ACBDA8B722B6FD35006E3CFA /* FavoritesViewController.swift */,
			);
			path = Controller;
			sourceTree = "<group>";
		};
		ACBDA89922B5E9E3006E3CFA /* View Model */ = {
			isa = PBXGroup;
			children = (
				ACBDA89A22B5EA01006E3CFA /* StoresListViewModel.swift */,
			);
			path = "View Model";
			sourceTree = "<group>";
		};
		ACBDA89C22B5EA54006E3CFA /* Model */ = {
			isa = PBXGroup;
			children = (
				ACBDA89D22B5EA5E006E3CFA /* Store.swift */,
			);
			path = Model;
			sourceTree = "<group>";
		};
		ACBDA89F22B5EB0F006E3CFA /* Service */ = {
			isa = PBXGroup;
			children = (
				ACBDA8A322B5FFEE006E3CFA /* StoreService.swift */,
				ACBDA8AA22B6082B006E3CFA /* NetworkService.swift */,
				ACBDA8AE22B6228F006E3CFA /* ImageService.swift */,
				ACBDA8B022B622FD006E3CFA /* CacheService.swift */,
			);
			path = Service;
			sourceTree = "<group>";
		};
		ACBDA8A022B5EB40006E3CFA /* Core */ = {
			isa = PBXGroup;
			children = (
				ACBDA8A222B5EB5D006E3CFA /* Networking */,
				ACBDA8A122B5EB4E006E3CFA /* Extensions */,
			);
			path = Core;
			sourceTree = "<group>";
		};
		ACBDA8A122B5EB4E006E3CFA /* Extensions */ = {
			isa = PBXGroup;
			children = (
				ACBDA8AC22B61CBF006E3CFA /* URLSession+Extension.swift */,
				AC3616E922B83775005FF4C9 /* Bundle+DDURL.swift */,
			);
			path = Extensions;
			sourceTree = "<group>";
		};
		ACBDA8A222B5EB5D006E3CFA /* Networking */ = {
			isa = PBXGroup;
			children = (
				ACBDA8A522B60071006E3CFA /* Resource.swift */,
				ACBDA8A722B606EE006E3CFA /* Networking.swift */,
				AC3616C222B74E61005FF4C9 /* NetworkSession.swift */,
			);
			path = Networking;
			sourceTree = "<group>";
		};
		ACBDA8B222B6AECB006E3CFA /* Custom Cell */ = {
			isa = PBXGroup;
			children = (
				ACBDA8B322B6AF56006E3CFA /* StoresListCell.swift */,
			);
			path = "Custom Cell";
			sourceTree = "<group>";
		};
/* End PBXGroup section */

/* Begin PBXNativeTarget section */
		AC1A7E1F22B5C13D003F4BCA /* DoorDashLite */ = {
			isa = PBXNativeTarget;
			buildConfigurationList = AC1A7E3D22B5C13E003F4BCA /* Build configuration list for PBXNativeTarget "DoorDashLite" */;
			buildPhases = (
				AC1A7E1C22B5C13D003F4BCA /* Sources */,
				AC1A7E1D22B5C13D003F4BCA /* Frameworks */,
				AC1A7E1E22B5C13D003F4BCA /* Resources */,
			);
			buildRules = (
			);
			dependencies = (
			);
			name = DoorDashLite;
			productName = DoorDashLite;
			productReference = AC1A7E2022B5C13D003F4BCA /* DoorDashLite.app */;
			productType = "com.apple.product-type.application";
		};
		AC1A7E3322B5C13E003F4BCA /* DoorDashLiteTests */ = {
			isa = PBXNativeTarget;
			buildConfigurationList = AC1A7E4022B5C13E003F4BCA /* Build configuration list for PBXNativeTarget "DoorDashLiteTests" */;
			buildPhases = (
				AC1A7E3022B5C13E003F4BCA /* Sources */,
				AC1A7E3122B5C13E003F4BCA /* Frameworks */,
				AC1A7E3222B5C13E003F4BCA /* Resources */,
			);
			buildRules = (
			);
			dependencies = (
				AC1A7E3622B5C13E003F4BCA /* PBXTargetDependency */,
			);
			name = DoorDashLiteTests;
			productName = DoorDashLiteTests;
			productReference = AC1A7E3422B5C13E003F4BCA /* DoorDashLiteTests.xctest */;
			productType = "com.apple.product-type.bundle.unit-test";
		};
/* End PBXNativeTarget section */

/* Begin PBXProject section */
		AC1A7E1822B5C13D003F4BCA /* Project object */ = {
			isa = PBXProject;
			attributes = {
				LastSwiftUpdateCheck = 1020;
				LastUpgradeCheck = 1020;
				ORGANIZATIONNAME = "Rajbongshi, Bhaskar";
				TargetAttributes = {
					AC1A7E1F22B5C13D003F4BCA = {
						CreatedOnToolsVersion = 10.2.1;
					};
					AC1A7E3322B5C13E003F4BCA = {
						CreatedOnToolsVersion = 10.2.1;
						TestTargetID = AC1A7E1F22B5C13D003F4BCA;
					};
				};
			};
			buildConfigurationList = AC1A7E1B22B5C13D003F4BCA /* Build configuration list for PBXProject "DoorDashLite" */;
			compatibilityVersion = "Xcode 9.3";
			developmentRegion = en;
			hasScannedForEncodings = 0;
			knownRegions = (
				en,
				Base,
			);
			mainGroup = AC1A7E1722B5C13D003F4BCA;
			productRefGroup = AC1A7E2122B5C13D003F4BCA /* Products */;
			projectDirPath = "";
			projectRoot = "";
			targets = (
				AC1A7E1F22B5C13D003F4BCA /* DoorDashLite */,
				AC1A7E3322B5C13E003F4BCA /* DoorDashLiteTests */,
			);
		};
/* End PBXProject section */

/* Begin PBXResourcesBuildPhase section */
		AC1A7E1E22B5C13D003F4BCA /* Resources */ = {
			isa = PBXResourcesBuildPhase;
			buildActionMask = 2147483647;
			files = (
				AC1A7E2E22B5C13E003F4BCA /* LaunchScreen.storyboard in Resources */,
				AC1A7E2B22B5C13E003F4BCA /* Assets.xcassets in Resources */,
				AC1A7E2922B5C13D003F4BCA /* Main.storyboard in Resources */,
			);
			runOnlyForDeploymentPostprocessing = 0;
		};
		AC1A7E3222B5C13E003F4BCA /* Resources */ = {
			isa = PBXResourcesBuildPhase;
			buildActionMask = 2147483647;
			files = (
			);
			runOnlyForDeploymentPostprocessing = 0;
		};
/* End PBXResourcesBuildPhase section */

/* Begin PBXSourcesBuildPhase section */
		AC1A7E1C22B5C13D003F4BCA /* Sources */ = {
			isa = PBXSourcesBuildPhase;
			buildActionMask = 2147483647;
			files = (
				ACBDA8AB22B6082B006E3CFA /* NetworkService.swift in Sources */,
				ACBDA89822B5E9BF006E3CFA /* StoresListViewController.swift in Sources */,
				ACBDA8A622B60071006E3CFA /* Resource.swift in Sources */,
				ACBDA8B622B6FC72006E3CFA /* DDTabBarController.swift in Sources */,
				AC1A7E4522B5C21C003F4BCA /* LocationMapSelectViewController.swift in Sources */,
				ACBDA8A822B606EE006E3CFA /* Networking.swift in Sources */,
				ACBDA8AF22B6228F006E3CFA /* ImageService.swift in Sources */,
				ACBDA89E22B5EA5E006E3CFA /* Store.swift in Sources */,
				AC1A7E2422B5C13D003F4BCA /* AppDelegate.swift in Sources */,
				ACBDA8B422B6AF56006E3CFA /* StoresListCell.swift in Sources */,
				ACBDA8A422B5FFEE006E3CFA /* StoreService.swift in Sources */,
				ACBDA89B22B5EA01006E3CFA /* StoresListViewModel.swift in Sources */,
				AC3616EA22B83776005FF4C9 /* Bundle+DDURL.swift in Sources */,
				ACBDA8AD22B61CBF006E3CFA /* URLSession+Extension.swift in Sources */,
				AC3616C322B74E61005FF4C9 /* NetworkSession.swift in Sources */,
				ACBDA8B822B6FD35006E3CFA /* FavoritesViewController.swift in Sources */,
				ACBDA8B122B622FD006E3CFA /* CacheService.swift in Sources */,
			);
			runOnlyForDeploymentPostprocessing = 0;
		};
		AC1A7E3022B5C13E003F4BCA /* Sources */ = {
			isa = PBXSourcesBuildPhase;
			buildActionMask = 2147483647;
			files = (
				AC3616CB22B81BD3005FF4C9 /* StoresListViewControllerTests.swift in Sources */,
				AC3616C522B74FF0005FF4C9 /* NetworkSessionMocks.swift in Sources */,
				AC3616C922B8092E005FF4C9 /* LocationMapSelectViewControllerTests.swift in Sources */,
				AC3616C722B75440005FF4C9 /* DDLiteTestNetworkCalls.swift in Sources */,
			);
			runOnlyForDeploymentPostprocessing = 0;
		};
/* End PBXSourcesBuildPhase section */

/* Begin PBXTargetDependency section */
		AC1A7E3622B5C13E003F4BCA /* PBXTargetDependency */ = {
			isa = PBXTargetDependency;
			target = AC1A7E1F22B5C13D003F4BCA /* DoorDashLite */;
			targetProxy = AC1A7E3522B5C13E003F4BCA /* PBXContainerItemProxy */;
		};
/* End PBXTargetDependency section */

/* Begin PBXVariantGroup section */
		AC1A7E2722B5C13D003F4BCA /* Main.storyboard */ = {
			isa = PBXVariantGroup;
			children = (
				AC1A7E2822B5C13D003F4BCA /* Base */,
			);
			name = Main.storyboard;
			sourceTree = "<group>";
		};
		AC1A7E2C22B5C13E003F4BCA /* LaunchScreen.storyboard */ = {
			isa = PBXVariantGroup;
			children = (
				AC1A7E2D22B5C13E003F4BCA /* Base */,
			);
			name = LaunchScreen.storyboard;
			sourceTree = "<group>";
		};
/* End PBXVariantGroup section */

/* Begin XCBuildConfiguration section */
		AC1A7E3B22B5C13E003F4BCA /* Debug */ = {
			isa = XCBuildConfiguration;
			buildSettings = {
				ALWAYS_SEARCH_USER_PATHS = NO;
				CLANG_ANALYZER_NONNULL = YES;
				CLANG_ANALYZER_NUMBER_OBJECT_CONVERSION = YES_AGGRESSIVE;
				CLANG_CXX_LANGUAGE_STANDARD = "gnu++14";
				CLANG_CXX_LIBRARY = "libc++";
				CLANG_ENABLE_MODULES = YES;
				CLANG_ENABLE_OBJC_ARC = YES;
				CLANG_ENABLE_OBJC_WEAK = YES;
				CLANG_WARN_BLOCK_CAPTURE_AUTORELEASING = YES;
				CLANG_WARN_BOOL_CONVERSION = YES;
				CLANG_WARN_COMMA = YES;
				CLANG_WARN_CONSTANT_CONVERSION = YES;
				CLANG_WARN_DEPRECATED_OBJC_IMPLEMENTATIONS = YES;
				CLANG_WARN_DIRECT_OBJC_ISA_USAGE = YES_ERROR;
				CLANG_WARN_DOCUMENTATION_COMMENTS = YES;
				CLANG_WARN_EMPTY_BODY = YES;
				CLANG_WARN_ENUM_CONVERSION = YES;
				CLANG_WARN_INFINITE_RECURSION = YES;
				CLANG_WARN_INT_CONVERSION = YES;
				CLANG_WARN_NON_LITERAL_NULL_CONVERSION = YES;
				CLANG_WARN_OBJC_IMPLICIT_RETAIN_SELF = YES;
				CLANG_WARN_OBJC_LITERAL_CONVERSION = YES;
				CLANG_WARN_OBJC_ROOT_CLASS = YES_ERROR;
				CLANG_WARN_RANGE_LOOP_ANALYSIS = YES;
				CLANG_WARN_STRICT_PROTOTYPES = YES;
				CLANG_WARN_SUSPICIOUS_MOVE = YES;
				CLANG_WARN_UNGUARDED_AVAILABILITY = YES_AGGRESSIVE;
				CLANG_WARN_UNREACHABLE_CODE = YES;
				CLANG_WARN__DUPLICATE_METHOD_MATCH = YES;
				CODE_SIGN_IDENTITY = "iPhone Developer";
				COPY_PHASE_STRIP = NO;
				DEBUG_INFORMATION_FORMAT = dwarf;
				ENABLE_STRICT_OBJC_MSGSEND = YES;
				ENABLE_TESTABILITY = YES;
				GCC_C_LANGUAGE_STANDARD = gnu11;
				GCC_DYNAMIC_NO_PIC = NO;
				GCC_NO_COMMON_BLOCKS = YES;
				GCC_OPTIMIZATION_LEVEL = 0;
				GCC_PREPROCESSOR_DEFINITIONS = (
					"DEBUG=1",
					"$(inherited)",
				);
				GCC_WARN_64_TO_32_BIT_CONVERSION = YES;
				GCC_WARN_ABOUT_RETURN_TYPE = YES_ERROR;
				GCC_WARN_UNDECLARED_SELECTOR = YES;
				GCC_WARN_UNINITIALIZED_AUTOS = YES_AGGRESSIVE;
				GCC_WARN_UNUSED_FUNCTION = YES;
				GCC_WARN_UNUSED_VARIABLE = YES;
				IPHONEOS_DEPLOYMENT_TARGET = 12.2;
				MTL_ENABLE_DEBUG_INFO = INCLUDE_SOURCE;
				MTL_FAST_MATH = YES;
				ONLY_ACTIVE_ARCH = YES;
				SDKROOT = iphoneos;
				SWIFT_ACTIVE_COMPILATION_CONDITIONS = DEBUG;
				SWIFT_OPTIMIZATION_LEVEL = "-Onone";
			};
			name = Debug;
		};
		AC1A7E3C22B5C13E003F4BCA /* Release */ = {
			isa = XCBuildConfiguration;
			buildSettings = {
				ALWAYS_SEARCH_USER_PATHS = NO;
				CLANG_ANALYZER_NONNULL = YES;
				CLANG_ANALYZER_NUMBER_OBJECT_CONVERSION = YES_AGGRESSIVE;
				CLANG_CXX_LANGUAGE_STANDARD = "gnu++14";
				CLANG_CXX_LIBRARY = "libc++";
				CLANG_ENABLE_MODULES = YES;
				CLANG_ENABLE_OBJC_ARC = YES;
				CLANG_ENABLE_OBJC_WEAK = YES;
				CLANG_WARN_BLOCK_CAPTURE_AUTORELEASING = YES;
				CLANG_WARN_BOOL_CONVERSION = YES;
				CLANG_WARN_COMMA = YES;
				CLANG_WARN_CONSTANT_CONVERSION = YES;
				CLANG_WARN_DEPRECATED_OBJC_IMPLEMENTATIONS = YES;
				CLANG_WARN_DIRECT_OBJC_ISA_USAGE = YES_ERROR;
				CLANG_WARN_DOCUMENTATION_COMMENTS = YES;
				CLANG_WARN_EMPTY_BODY = YES;
				CLANG_WARN_ENUM_CONVERSION = YES;
				CLANG_WARN_INFINITE_RECURSION = YES;
				CLANG_WARN_INT_CONVERSION = YES;
				CLANG_WARN_NON_LITERAL_NULL_CONVERSION = YES;
				CLANG_WARN_OBJC_IMPLICIT_RETAIN_SELF = YES;
				CLANG_WARN_OBJC_LITERAL_CONVERSION = YES;
				CLANG_WARN_OBJC_ROOT_CLASS = YES_ERROR;
				CLANG_WARN_RANGE_LOOP_ANALYSIS = YES;
				CLANG_WARN_STRICT_PROTOTYPES = YES;
				CLANG_WARN_SUSPICIOUS_MOVE = YES;
				CLANG_WARN_UNGUARDED_AVAILABILITY = YES_AGGRESSIVE;
				CLANG_WARN_UNREACHABLE_CODE = YES;
				CLANG_WARN__DUPLICATE_METHOD_MATCH = YES;
				CODE_SIGN_IDENTITY = "iPhone Developer";
				COPY_PHASE_STRIP = NO;
				DEBUG_INFORMATION_FORMAT = "dwarf-with-dsym";
				ENABLE_NS_ASSERTIONS = NO;
				ENABLE_STRICT_OBJC_MSGSEND = YES;
				GCC_C_LANGUAGE_STANDARD = gnu11;
				GCC_NO_COMMON_BLOCKS = YES;
				GCC_WARN_64_TO_32_BIT_CONVERSION = YES;
				GCC_WARN_ABOUT_RETURN_TYPE = YES_ERROR;
				GCC_WARN_UNDECLARED_SELECTOR = YES;
				GCC_WARN_UNINITIALIZED_AUTOS = YES_AGGRESSIVE;
				GCC_WARN_UNUSED_FUNCTION = YES;
				GCC_WARN_UNUSED_VARIABLE = YES;
				IPHONEOS_DEPLOYMENT_TARGET = 12.2;
				MTL_ENABLE_DEBUG_INFO = NO;
				MTL_FAST_MATH = YES;
				SDKROOT = iphoneos;
				SWIFT_COMPILATION_MODE = wholemodule;
				SWIFT_OPTIMIZATION_LEVEL = "-O";
				VALIDATE_PRODUCT = YES;
			};
			name = Release;
		};
		AC1A7E3E22B5C13E003F4BCA /* Debug */ = {
			isa = XCBuildConfiguration;
			buildSettings = {
				ASSETCATALOG_COMPILER_APPICON_NAME = AppIcon;
				CODE_SIGN_STYLE = Automatic;
				DEFINES_MODULE = YES;
				DEVELOPMENT_TEAM = MBC34NW4QG;
				INFOPLIST_FILE = DoorDashLite/Info.plist;
				IPHONEOS_DEPLOYMENT_TARGET = 11.0;
				LD_RUNPATH_SEARCH_PATHS = (
					"$(inherited)",
					"@executable_path/Frameworks",
				);
				PRODUCT_BUNDLE_IDENTIFIER = com.bhaskar.DoorDashLite;
				PRODUCT_NAME = "$(TARGET_NAME)";
				SWIFT_VERSION = 5.0;
				TARGETED_DEVICE_FAMILY = "1,2";
			};
			name = Debug;
		};
		AC1A7E3F22B5C13E003F4BCA /* Release */ = {
			isa = XCBuildConfiguration;
			buildSettings = {
				ASSETCATALOG_COMPILER_APPICON_NAME = AppIcon;
				CODE_SIGN_STYLE = Automatic;
				DEFINES_MODULE = YES;
				DEVELOPMENT_TEAM = MBC34NW4QG;
				INFOPLIST_FILE = DoorDashLite/Info.plist;
				IPHONEOS_DEPLOYMENT_TARGET = 11.0;
				LD_RUNPATH_SEARCH_PATHS = (
					"$(inherited)",
					"@executable_path/Frameworks",
				);
				PRODUCT_BUNDLE_IDENTIFIER = com.bhaskar.DoorDashLite;
				PRODUCT_NAME = "$(TARGET_NAME)";
				SWIFT_VERSION = 5.0;
				TARGETED_DEVICE_FAMILY = "1,2";
			};
			name = Release;
		};
		AC1A7E4122B5C13E003F4BCA /* Debug */ = {
			isa = XCBuildConfiguration;
			buildSettings = {
				ALWAYS_EMBED_SWIFT_STANDARD_LIBRARIES = YES;
				BUNDLE_LOADER = "$(TEST_HOST)";
				CODE_SIGN_STYLE = Automatic;
				DEVELOPMENT_TEAM = MBC34NW4QG;
				INFOPLIST_FILE = DoorDashLiteTests/Info.plist;
				IPHONEOS_DEPLOYMENT_TARGET = 11.0;
				LD_RUNPATH_SEARCH_PATHS = (
					"$(inherited)",
					"@executable_path/Frameworks",
					"@loader_path/Frameworks",
				);
				PRODUCT_BUNDLE_IDENTIFIER = com.bhaskar.DoorDashLiteTests;
				PRODUCT_NAME = "$(TARGET_NAME)";
				SWIFT_VERSION = 5.0;
				TARGETED_DEVICE_FAMILY = "1,2";
				TEST_HOST = "$(BUILT_PRODUCTS_DIR)/DoorDashLite.app/DoorDashLite";
			};
			name = Debug;
		};
		AC1A7E4222B5C13E003F4BCA /* Release */ = {
			isa = XCBuildConfiguration;
			buildSettings = {
				ALWAYS_EMBED_SWIFT_STANDARD_LIBRARIES = YES;
				BUNDLE_LOADER = "$(TEST_HOST)";
				CODE_SIGN_STYLE = Automatic;
				DEVELOPMENT_TEAM = MBC34NW4QG;
				INFOPLIST_FILE = DoorDashLiteTests/Info.plist;
				IPHONEOS_DEPLOYMENT_TARGET = 11.0;
				LD_RUNPATH_SEARCH_PATHS = (
					"$(inherited)",
					"@executable_path/Frameworks",
					"@loader_path/Frameworks",
				);
				PRODUCT_BUNDLE_IDENTIFIER = com.bhaskar.DoorDashLiteTests;
				PRODUCT_NAME = "$(TARGET_NAME)";
				SWIFT_VERSION = 5.0;
				TARGETED_DEVICE_FAMILY = "1,2";
				TEST_HOST = "$(BUILT_PRODUCTS_DIR)/DoorDashLite.app/DoorDashLite";
			};
			name = Release;
		};
/* End XCBuildConfiguration section */

/* Begin XCConfigurationList section */
		AC1A7E1B22B5C13D003F4BCA /* Build configuration list for PBXProject "DoorDashLite" */ = {
			isa = XCConfigurationList;
			buildConfigurations = (
				AC1A7E3B22B5C13E003F4BCA /* Debug */,
				AC1A7E3C22B5C13E003F4BCA /* Release */,
			);
			defaultConfigurationIsVisible = 0;
			defaultConfigurationName = Release;
		};
		AC1A7E3D22B5C13E003F4BCA /* Build configuration list for PBXNativeTarget "DoorDashLite" */ = {
			isa = XCConfigurationList;
			buildConfigurations = (
				AC1A7E3E22B5C13E003F4BCA /* Debug */,
				AC1A7E3F22B5C13E003F4BCA /* Release */,
			);
			defaultConfigurationIsVisible = 0;
			defaultConfigurationName = Release;
		};
		AC1A7E4022B5C13E003F4BCA /* Build configuration list for PBXNativeTarget "DoorDashLiteTests" */ = {
			isa = XCConfigurationList;
			buildConfigurations = (
				AC1A7E4122B5C13E003F4BCA /* Debug */,
				AC1A7E4222B5C13E003F4BCA /* Release */,
			);
			defaultConfigurationIsVisible = 0;
			defaultConfigurationName = Release;
		};
/* End XCConfigurationList section */
	};
	rootObject = AC1A7E1822B5C13D003F4BCA /* Project object */;
}
